
Microsoft Visual Studio Solution File, Format Version 12.00
# Visual Studio Version 17
VisualStudioVersion = 17.2.32616.157
MinimumVisualStudioVersion = 10.0.40219.1
Project("{FAE04EC0-301F-11D3-BF4B-00C04F79EFBC}") = "FoodjiApi", "FoodjiApi\FoodjiApi.csproj", "{5E5D29DA-75EA-4270-9878-3779DD149369}"
EndProject
Project("{FAE04EC0-301F-11D3-BF4B-00C04F79EFBC}") = "FoodjiApiTests", "FoodjiApiTests\FoodjiApiTests.csproj", "{D9CC6158-2EBD-4AD6-944E-0072519F68EB}"
EndProject
Global
	GlobalSection(SolutionConfigurationPlatforms) = preSolution
		Debug|Any CPU = Debug|Any CPU
		Release|Any CPU = Release|Any CPU
	EndGlobalSection
	GlobalSection(ProjectConfigurationPlatforms) = postSolution
		{5E5D29DA-75EA-4270-9878-3779DD149369}.Debug|Any CPU.ActiveCfg = Debug|Any CPU
		{5E5D29DA-75EA-4270-9878-3779DD149369}.Debug|Any CPU.Build.0 = Debug|Any CPU
		{5E5D29DA-75EA-4270-9878-3779DD149369}.Release|Any CPU.ActiveCfg = Release|Any CPU
		{5E5D29DA-75EA-4270-9878-3779DD149369}.Release|Any CPU.Build.0 = Release|Any CPU
		{D9CC6158-2EBD-4AD6-944E-0072519F68EB}.Debug|Any CPU.ActiveCfg = Debug|Any CPU
		{D9CC6158-2EBD-4AD6-944E-0072519F68EB}.Debug|Any CPU.Build.0 = Debug|Any CPU
		{D9CC6158-2EBD-4AD6-944E-0072519F68EB}.Release|Any CPU.ActiveCfg = Release|Any CPU
		{D9CC6158-2EBD-4AD6-944E-0072519F68EB}.Release|Any CPU.Build.0 = Release|Any CPU
	EndGlobalSection
	GlobalSection(SolutionProperties) = preSolution
		HideSolutionNode = FALSE
	EndGlobalSection
	GlobalSection(ExtensibilityGlobals) = postSolution
		SolutionGuid = {FB641010-CAEE-4D89-87ED-074BD18F2085}
	EndGlobalSection
EndGlobal
